// !$*UTF8*$!
{
	archiveVersion = 1;
	classes = {
	};
	objectVersion = 50;
	objects = {

/* Begin PBXBuildFile section */
		A9730327250B30C800B5522C /* AppDelegate.swift in Sources */ = {isa = PBXBuildFile; fileRef = A9730326250B30C800B5522C /* AppDelegate.swift */; };
		A9730329250B30C800B5522C /* SceneDelegate.swift in Sources */ = {isa = PBXBuildFile; fileRef = A9730328250B30C800B5522C /* SceneDelegate.swift */; };
		A973032B250B30C800B5522C /* HomeViewController.swift in Sources */ = {isa = PBXBuildFile; fileRef = A973032A250B30C800B5522C /* HomeViewController.swift */; };
		A973032E250B30C800B5522C /* Main.storyboard in Resources */ = {isa = PBXBuildFile; fileRef = A973032C250B30C800B5522C /* Main.storyboard */; };
		A9730330250B30C900B5522C /* Assets.xcassets in Resources */ = {isa = PBXBuildFile; fileRef = A973032F250B30C900B5522C /* Assets.xcassets */; };
		A9730333250B30C900B5522C /* LaunchScreen.storyboard in Resources */ = {isa = PBXBuildFile; fileRef = A9730331250B30C900B5522C /* LaunchScreen.storyboard */; };
		A9730341250BB01C00B5522C /* ExploreViewController.swift in Sources */ = {isa = PBXBuildFile; fileRef = A9730340250BB01C00B5522C /* ExploreViewController.swift */; };
		A9730343250BB03400B5522C /* CameraViewController.swift in Sources */ = {isa = PBXBuildFile; fileRef = A9730342250BB03400B5522C /* CameraViewController.swift */; };
		A9730345250BB04100B5522C /* NotificationsViewController.swift in Sources */ = {isa = PBXBuildFile; fileRef = A9730344250BB04100B5522C /* NotificationsViewController.swift */; };
		A9730347250BB05100B5522C /* ProfileViewController.swift in Sources */ = {isa = PBXBuildFile; fileRef = A9730346250BB05100B5522C /* ProfileViewController.swift */; };
/* End PBXBuildFile section */

/* Begin PBXFileReference section */
		A9730323250B30C700B5522C /* Instagram.app */ = {isa = PBXFileReference; explicitFileType = wrapper.application; includeInIndex = 0; path = Instagram.app; sourceTree = BUILT_PRODUCTS_DIR; };
		A9730326250B30C800B5522C /* AppDelegate.swift */ = {isa = PBXFileReference; lastKnownFileType = sourcecode.swift; path = AppDelegate.swift; sourceTree = "<group>"; };
		A9730328250B30C800B5522C /* SceneDelegate.swift */ = {isa = PBXFileReference; lastKnownFileType = sourcecode.swift; path = SceneDelegate.swift; sourceTree = "<group>"; };
		A973032A250B30C800B5522C /* HomeViewController.swift */ = {isa = PBXFileReference; lastKnownFileType = sourcecode.swift; path = HomeViewController.swift; sourceTree = "<group>"; };
		A973032D250B30C800B5522C /* Base */ = {isa = PBXFileReference; lastKnownFileType = file.storyboard; name = Base; path = Base.lproj/Main.storyboard; sourceTree = "<group>"; };
		A973032F250B30C900B5522C /* Assets.xcassets */ = {isa = PBXFileReference; lastKnownFileType = folder.assetcatalog; path = Assets.xcassets; sourceTree = "<group>"; };
		A9730332250B30C900B5522C /* Base */ = {isa = PBXFileReference; lastKnownFileType = file.storyboard; name = Base; path = Base.lproj/LaunchScreen.storyboard; sourceTree = "<group>"; };
		A9730334250B30C900B5522C /* Info.plist */ = {isa = PBXFileReference; lastKnownFileType = text.plist.xml; path = Info.plist; sourceTree = "<group>"; };
		A9730340250BB01C00B5522C /* ExploreViewController.swift */ = {isa = PBXFileReference; lastKnownFileType = sourcecode.swift; path = ExploreViewController.swift; sourceTree = "<group>"; };
		A9730342250BB03400B5522C /* CameraViewController.swift */ = {isa = PBXFileReference; lastKnownFileType = sourcecode.swift; path = CameraViewController.swift; sourceTree = "<group>"; };
		A9730344250BB04100B5522C /* NotificationsViewController.swift */ = {isa = PBXFileReference; lastKnownFileType = sourcecode.swift; path = NotificationsViewController.swift; sourceTree = "<group>"; };
		A9730346250BB05100B5522C /* ProfileViewController.swift */ = {isa = PBXFileReference; lastKnownFileType = sourcecode.swift; path = ProfileViewController.swift; sourceTree = "<group>"; };
/* End PBXFileReference section */

/* Begin PBXFrameworksBuildPhase section */
		A9730320250B30C700B5522C /* Frameworks */ = {
			isa = PBXFrameworksBuildPhase;
			buildActionMask = 2147483647;
			files = (
			);
			runOnlyForDeploymentPostprocessing = 0;
		};
/* End PBXFrameworksBuildPhase section */

/* Begin PBXGroup section */
		A973031A250B30C700B5522C = {
			isa = PBXGroup;
			children = (
				A9730325250B30C700B5522C /* Instagram */,
				A9730324250B30C700B5522C /* Products */,
			);
			sourceTree = "<group>";
		};
		A9730324250B30C700B5522C /* Products */ = {
			isa = PBXGroup;
			children = (
				A9730323250B30C700B5522C /* Instagram.app */,
			);
			name = Products;
			sourceTree = "<group>";
		};
		A9730325250B30C700B5522C /* Instagram */ = {
			isa = PBXGroup;
			children = (
				A973033D250B31B600B5522C /* Resources */,
				A973033C250B31B000B5522C /* Models */,
				A973033B250B31AC00B5522C /* Views */,
				A973033A250B31A400B5522C /* Controllers */,
				A9730334250B30C900B5522C /* Info.plist */,
			);
			path = Instagram;
			sourceTree = "<group>";
		};
		A973033A250B31A400B5522C /* Controllers */ = {
			isa = PBXGroup;
			children = (
				A973033F250BAFE000B5522C /* Core Tabs */,
			);
			path = Controllers;
			sourceTree = "<group>";
		};
		A973033B250B31AC00B5522C /* Views */ = {
			isa = PBXGroup;
			children = (
				A973033E250BAFCB00B5522C /* Storyboards */,
				A973032F250B30C900B5522C /* Assets.xcassets */,
			);
			path = Views;
			sourceTree = "<group>";
		};
		A973033C250B31B000B5522C /* Models */ = {
			isa = PBXGroup;
			children = (
			);
			path = Models;
			sourceTree = "<group>";
		};
		A973033D250B31B600B5522C /* Resources */ = {
			isa = PBXGroup;
			children = (
				A9730326250B30C800B5522C /* AppDelegate.swift */,
				A9730328250B30C800B5522C /* SceneDelegate.swift */,
			);
			path = Resources;
			sourceTree = "<group>";
		};
		A973033E250BAFCB00B5522C /* Storyboards */ = {
			isa = PBXGroup;
			children = (
				A973032C250B30C800B5522C /* Main.storyboard */,
				A9730331250B30C900B5522C /* LaunchScreen.storyboard */,
			);
			path = Storyboards;
			sourceTree = "<group>";
		};
		A973033F250BAFE000B5522C /* Core Tabs */ = {
			isa = PBXGroup;
			children = (
				A973032A250B30C800B5522C /* HomeViewController.swift */,
				A9730340250BB01C00B5522C /* ExploreViewController.swift */,
				A9730342250BB03400B5522C /* CameraViewController.swift */,
				A9730344250BB04100B5522C /* NotificationsViewController.swift */,
				A9730346250BB05100B5522C /* ProfileViewController.swift */,
			);
			path = "Core Tabs";
			sourceTree = "<group>";
		};
/* End PBXGroup section */

/* Begin PBXNativeTarget section */
		A9730322250B30C700B5522C /* Instagram */ = {
			isa = PBXNativeTarget;
			buildConfigurationList = A9730337250B30C900B5522C /* Build configuration list for PBXNativeTarget "Instagram" */;
			buildPhases = (
				A973031F250B30C700B5522C /* Sources */,
				A9730320250B30C700B5522C /* Frameworks */,
				A9730321250B30C700B5522C /* Resources */,
			);
			buildRules = (
			);
			dependencies = (
			);
			name = Instagram;
			productName = Instagram;
			productReference = A9730323250B30C700B5522C /* Instagram.app */;
			productType = "com.apple.product-type.application";
		};
/* End PBXNativeTarget section */

/* Begin PBXProject section */
		A973031B250B30C700B5522C /* Project object */ = {
			isa = PBXProject;
			attributes = {
				LastSwiftUpdateCheck = 1150;
				LastUpgradeCheck = 1150;
				ORGANIZATIONNAME = "Luke Liu";
				TargetAttributes = {
					A9730322250B30C700B5522C = {
						CreatedOnToolsVersion = 11.5;
					};
				};
			};
			buildConfigurationList = A973031E250B30C700B5522C /* Build configuration list for PBXProject "Instagram" */;
			compatibilityVersion = "Xcode 9.3";
			developmentRegion = en;
			hasScannedForEncodings = 0;
			knownRegions = (
				en,
				Base,
			);
			mainGroup = A973031A250B30C700B5522C;
			productRefGroup = A9730324250B30C700B5522C /* Products */;
			projectDirPath = "";
			projectRoot = "";
			targets = (
				A9730322250B30C700B5522C /* Instagram */,
			);
		};
/* End PBXProject section */

/* Begin PBXResourcesBuildPhase section */
		A9730321250B30C700B5522C /* Resources */ = {
			isa = PBXResourcesBuildPhase;
			buildActionMask = 2147483647;
			files = (
				A9730333250B30C900B5522C /* LaunchScreen.storyboard in Resources */,
				A9730330250B30C900B5522C /* Assets.xcassets in Resources */,
				A973032E250B30C800B5522C /* Main.storyboard in Resources */,
			);
			runOnlyForDeploymentPostprocessing = 0;
		};
/* End PBXResourcesBuildPhase section */

/* Begin PBXSourcesBuildPhase section */
		A973031F250B30C700B5522C /* Sources */ = {
			isa = PBXSourcesBuildPhase;
			buildActionMask = 2147483647;
			files = (
				A9730341250BB01C00B5522C /* ExploreViewController.swift in Sources */,
				A9730343250BB03400B5522C /* CameraViewController.swift in Sources */,
				A973032B250B30C800B5522C /* HomeViewController.swift in Sources */,
				A9730345250BB04100B5522C /* NotificationsViewController.swift in Sources */,
				A9730347250BB05100B5522C /* ProfileViewController.swift in Sources */,
				A9730327250B30C800B5522C /* AppDelegate.swift in Sources */,
				A9730329250B30C800B5522C /* SceneDelegate.swift in Sources */,
			);
			runOnlyForDeploymentPostprocessing = 0;
		};
/* End PBXSourcesBuildPhase section */

/* Begin PBXVariantGroup section */
		A973032C250B30C800B5522C /* Main.storyboard */ = {
			isa = PBXVariantGroup;
			children = (
				A973032D250B30C800B5522C /* Base */,
			);
			name = Main.storyboard;
			sourceTree = "<group>";
		};
		A9730331250B30C900B5522C /* LaunchScreen.storyboard */ = {
			isa = PBXVariantGroup;
			children = (
				A9730332250B30C900B5522C /* Base */,
			);
			name = LaunchScreen.storyboard;
			sourceTree = "<group>";
		};
/* End PBXVariantGroup section */

/* Begin XCBuildConfiguration section */
		A9730335250B30C900B5522C /* Debug */ = {
			isa = XCBuildConfiguration;
			buildSettings = {
				ALWAYS_SEARCH_USER_PATHS = NO;
				CLANG_ANALYZER_NONNULL = YES;
				CLANG_ANALYZER_NUMBER_OBJECT_CONVERSION = YES_AGGRESSIVE;
				CLANG_CXX_LANGUAGE_STANDARD = "gnu++14";
				CLANG_CXX_LIBRARY = "libc++";
				CLANG_ENABLE_MODULES = YES;
				CLANG_ENABLE_OBJC_ARC = YES;
				CLANG_ENABLE_OBJC_WEAK = YES;
				CLANG_WARN_BLOCK_CAPTURE_AUTORELEASING = YES;
				CLANG_WARN_BOOL_CONVERSION = YES;
				CLANG_WARN_COMMA = YES;
				CLANG_WARN_CONSTANT_CONVERSION = YES;
				CLANG_WARN_DEPRECATED_OBJC_IMPLEMENTATIONS = YES;
				CLANG_WARN_DIRECT_OBJC_ISA_USAGE = YES_ERROR;
				CLANG_WARN_DOCUMENTATION_COMMENTS = YES;
				CLANG_WARN_EMPTY_BODY = YES;
				CLANG_WARN_ENUM_CONVERSION = YES;
				CLANG_WARN_INFINITE_RECURSION = YES;
				CLANG_WARN_INT_CONVERSION = YES;
				CLANG_WARN_NON_LITERAL_NULL_CONVERSION = YES;
				CLANG_WARN_OBJC_IMPLICIT_RETAIN_SELF = YES;
				CLANG_WARN_OBJC_LITERAL_CONVERSION = YES;
				CLANG_WARN_OBJC_ROOT_CLASS = YES_ERROR;
				CLANG_WARN_RANGE_LOOP_ANALYSIS = YES;
				CLANG_WARN_STRICT_PROTOTYPES = YES;
				CLANG_WARN_SUSPICIOUS_MOVE = YES;
				CLANG_WARN_UNGUARDED_AVAILABILITY = YES_AGGRESSIVE;
				CLANG_WARN_UNREACHABLE_CODE = YES;
				CLANG_WARN__DUPLICATE_METHOD_MATCH = YES;
				COPY_PHASE_STRIP = NO;
				DEBUG_INFORMATION_FORMAT = dwarf;
				ENABLE_STRICT_OBJC_MSGSEND = YES;
				ENABLE_TESTABILITY = YES;
				GCC_C_LANGUAGE_STANDARD = gnu11;
				GCC_DYNAMIC_NO_PIC = NO;
				GCC_NO_COMMON_BLOCKS = YES;
				GCC_OPTIMIZATION_LEVEL = 0;
				GCC_PREPROCESSOR_DEFINITIONS = (
					"DEBUG=1",
					"$(inherited)",
				);
				GCC_WARN_64_TO_32_BIT_CONVERSION = YES;
				GCC_WARN_ABOUT_RETURN_TYPE = YES_ERROR;
				GCC_WARN_UNDECLARED_SELECTOR = YES;
				GCC_WARN_UNINITIALIZED_AUTOS = YES_AGGRESSIVE;
				GCC_WARN_UNUSED_FUNCTION = YES;
				GCC_WARN_UNUSED_VARIABLE = YES;
				IPHONEOS_DEPLOYMENT_TARGET = 13.5;
				MTL_ENABLE_DEBUG_INFO = INCLUDE_SOURCE;
				MTL_FAST_MATH = YES;
				ONLY_ACTIVE_ARCH = YES;
				SDKROOT = iphoneos;
				SWIFT_ACTIVE_COMPILATION_CONDITIONS = DEBUG;
				SWIFT_OPTIMIZATION_LEVEL = "-Onone";
			};
			name = Debug;
		};
		A9730336250B30C900B5522C /* Release */ = {
			isa = XCBuildConfiguration;
			buildSettings = {
				ALWAYS_SEARCH_USER_PATHS = NO;
				CLANG_ANALYZER_NONNULL = YES;
				CLANG_ANALYZER_NUMBER_OBJECT_CONVERSION = YES_AGGRESSIVE;
				CLANG_CXX_LANGUAGE_STANDARD = "gnu++14";
				CLANG_CXX_LIBRARY = "libc++";
				CLANG_ENABLE_MODULES = YES;
				CLANG_ENABLE_OBJC_ARC = YES;
				CLANG_ENABLE_OBJC_WEAK = YES;
				CLANG_WARN_BLOCK_CAPTURE_AUTORELEASING = YES;
				CLANG_WARN_BOOL_CONVERSION = YES;
				CLANG_WARN_COMMA = YES;
				CLANG_WARN_CONSTANT_CONVERSION = YES;
				CLANG_WARN_DEPRECATED_OBJC_IMPLEMENTATIONS = YES;
				CLANG_WARN_DIRECT_OBJC_ISA_USAGE = YES_ERROR;
				CLANG_WARN_DOCUMENTATION_COMMENTS = YES;
				CLANG_WARN_EMPTY_BODY = YES;
				CLANG_WARN_ENUM_CONVERSION = YES;
				CLANG_WARN_INFINITE_RECURSION = YES;
				CLANG_WARN_INT_CONVERSION = YES;
				CLANG_WARN_NON_LITERAL_NULL_CONVERSION = YES;
				CLANG_WARN_OBJC_IMPLICIT_RETAIN_SELF = YES;
				CLANG_WARN_OBJC_LITERAL_CONVERSION = YES;
				CLANG_WARN_OBJC_ROOT_CLASS = YES_ERROR;
				CLANG_WARN_RANGE_LOOP_ANALYSIS = YES;
				CLANG_WARN_STRICT_PROTOTYPES = YES;
				CLANG_WARN_SUSPICIOUS_MOVE = YES;
				CLANG_WARN_UNGUARDED_AVAILABILITY = YES_AGGRESSIVE;
				CLANG_WARN_UNREACHABLE_CODE = YES;
				CLANG_WARN__DUPLICATE_METHOD_MATCH = YES;
				COPY_PHASE_STRIP = NO;
				DEBUG_INFORMATION_FORMAT = "dwarf-with-dsym";
				ENABLE_NS_ASSERTIONS = NO;
				ENABLE_STRICT_OBJC_MSGSEND = YES;
				GCC_C_LANGUAGE_STANDARD = gnu11;
				GCC_NO_COMMON_BLOCKS = YES;
				GCC_WARN_64_TO_32_BIT_CONVERSION = YES;
				GCC_WARN_ABOUT_RETURN_TYPE = YES_ERROR;
				GCC_WARN_UNDECLARED_SELECTOR = YES;
				GCC_WARN_UNINITIALIZED_AUTOS = YES_AGGRESSIVE;
				GCC_WARN_UNUSED_FUNCTION = YES;
				GCC_WARN_UNUSED_VARIABLE = YES;
				IPHONEOS_DEPLOYMENT_TARGET = 13.5;
				MTL_ENABLE_DEBUG_INFO = NO;
				MTL_FAST_MATH = YES;
				SDKROOT = iphoneos;
				SWIFT_COMPILATION_MODE = wholemodule;
				SWIFT_OPTIMIZATION_LEVEL = "-O";
				VALIDATE_PRODUCT = YES;
			};
			name = Release;
		};
		A9730338250B30C900B5522C /* Debug */ = {
			isa = XCBuildConfiguration;
			buildSettings = {
				ASSETCATALOG_COMPILER_APPICON_NAME = AppIcon;
				CODE_SIGN_STYLE = Automatic;
				DEVELOPMENT_TEAM = XC26654A2X;
				INFOPLIST_FILE = Instagram/Info.plist;
				LD_RUNPATH_SEARCH_PATHS = (
					"$(inherited)",
					"@executable_path/Frameworks",
				);
				PRODUCT_BUNDLE_IDENTIFIER = com.liuchanghong.Instagram;
				PRODUCT_NAME = "$(TARGET_NAME)";
				SWIFT_VERSION = 5.0;
				TARGETED_DEVICE_FAMILY = "1,2";
			};
			name = Debug;
		};
		A9730339250B30C900B5522C /* Release */ = {
			isa = XCBuildConfiguration;
			buildSettings = {
				ASSETCATALOG_COMPILER_APPICON_NAME = AppIcon;
				CODE_SIGN_STYLE = Automatic;
				DEVELOPMENT_TEAM = XC26654A2X;
				INFOPLIST_FILE = Instagram/Info.plist;
				LD_RUNPATH_SEARCH_PATHS = (
					"$(inherited)",
					"@executable_path/Frameworks",
				);
				PRODUCT_BUNDLE_IDENTIFIER = com.liuchanghong.Instagram;
				PRODUCT_NAME = "$(TARGET_NAME)";
				SWIFT_VERSION = 5.0;
				TARGETED_DEVICE_FAMILY = "1,2";
			};
			name = Release;
		};
/* End XCBuildConfiguration section */

/* Begin XCConfigurationList section */
		A973031E250B30C700B5522C /* Build configuration list for PBXProject "Instagram" */ = {
			isa = XCConfigurationList;
			buildConfigurations = (
				A9730335250B30C900B5522C /* Debug */,
				A9730336250B30C900B5522C /* Release */,
			);
			defaultConfigurationIsVisible = 0;
			defaultConfigurationName = Release;
		};
		A9730337250B30C900B5522C /* Build configuration list for PBXNativeTarget "Instagram" */ = {
			isa = XCConfigurationList;
			buildConfigurations = (
				A9730338250B30C900B5522C /* Debug */,
				A9730339250B30C900B5522C /* Release */,
			);
			defaultConfigurationIsVisible = 0;
			defaultConfigurationName = Release;
		};
/* End XCConfigurationList section */
	};
	rootObject = A973031B250B30C700B5522C /* Project object */;
}
